{
    "_meta": {
        "hash": {
            "sha256": "1adb779e484ed2f954ccd3cfd0a85549646a362eb80154c76f45a9fe8762fd83"
        },
        "pipfile-spec": 6,
        "requires": {
            "python_version": "3.12"
        },
        "sources": [
            {
                "name": "pypi",
                "url": "https://pypi.org/simple",
                "verify_ssl": true
            }
        ]
    },
    "default": {
        "setuptools": {
            "hashes": [
                "sha256:0ff4183f8f42cd8fa3acea16c45205521a4ef28f73c6391d8a25e92893134f2e",
                "sha256:c21c49fb1042386df081cb5d86759792ab89efca84cf114889191cd09aacc80c"
            ],
            "index": "pypi",
            "markers": "python_version >= '3.8'",
            "version": "==69.2.0"
        }
    },
    "develop": {
        "honcho": {
            "hashes": [
                "sha256:a4d6e3a88a7b51b66351ecfc6e9d79d8f4b87351db9ad7e923f5632cc498122f",
                "sha256:c5eca0bded4bef6697a23aec0422fd4f6508ea3581979a3485fc4b89357eb2a9"
            ],
            "index": "pypi",
            "version": "==1.1.0"
        }
    }
}
